
Microsoft Visual Studio Solution File, Format Version 12.00
# Visual Studio Version 17
VisualStudioVersion = 17.1.32228.430
MinimumVisualStudioVersion = 10.0.40219.1
Project("{2150E333-8FDC-42A3-9474-1A3956D46DE8}") = "src", "src", "{C438CA20-74A2-4633-BF87-B159F3D75D4F}"
EndProject
Project("{2150E333-8FDC-42A3-9474-1A3956D46DE8}") = "test", "test", "{D5604634-17A1-4D4A-A483-FD70B8053327}"
EndProject
Project("{9A19103F-16F7-4668-BE54-9A1E7A4F7556}") = "SayLib", "src\SayLib\SayLib.csproj", "{AE354EBF-B1E6-48D8-99E0-ACD70A8572D3}"
EndProject
Project("{9A19103F-16F7-4668-BE54-9A1E7A4F7556}") = "SayLog", "src\SayLog\SayLog.csproj", "{7BBAEE04-8894-4A4D-BD51-EBF4D7D07214}"
EndProject
Project("{9A19103F-16F7-4668-BE54-9A1E7A4F7556}") = "SayUI", "src\SayUi\SayUI.csproj", "{381149B9-48DE-4F76-8CFE-4AAD84DB1199}"
EndProject
Project("{9A19103F-16F7-4668-BE54-9A1E7A4F7556}") = "Say.WinForm", "src\Say.WinForm\Say.WinForm.csproj", "{1EC342AF-CEAD-489F-A90F-5C0F40E1B024}"
EndProject
Project("{9A19103F-16F7-4668-BE54-9A1E7A4F7556}") = "SayDB", "src\SayDB\SayDB.csproj", "{EAB9E5D9-1410-44E4-B3CC-D54778ABE25A}"
EndProject
Project("{9A19103F-16F7-4668-BE54-9A1E7A4F7556}") = "SayFlow", "src\SayFlow\SayFlow.csproj", "{2C31B894-E0D0-46DD-AF03-420D9A103E49}"
EndProject
Project("{FAE04EC0-301F-11D3-BF4B-00C04F79EFBC}") = "SayDbTest", "tests\SayDbTest\SayDbTest.csproj", "{C92B39E6-3A0E-4FAC-B0AC-77FE3BE071B0}"
EndProject
Project("{9A19103F-16F7-4668-BE54-9A1E7A4F7556}") = "SayLibFlowTest", "tests\SayLibFlowTest\SayLibFlowTest.csproj", "{DCACA607-8692-4142-9CF4-61BBD9D571D1}"
EndProject
Project("{9A19103F-16F7-4668-BE54-9A1E7A4F7556}") = "SayTest", "tests\SayTest\SayTest.csproj", "{931087F5-D712-47BC-AD18-64E091CEF59B}"
EndProject
Project("{FAE04EC0-301F-11D3-BF4B-00C04F79EFBC}") = "SayDB2", "SayDB2\SayDB2.csproj", "{4B3DE17B-E492-4972-93B8-476E3A358655}"
EndProject
Project("{FAE04EC0-301F-11D3-BF4B-00C04F79EFBC}") = "SayDB2.Test", "SayDB2.Test\SayDB2.Test.csproj", "{09AD249F-1D53-4B48-9ACA-E9BF18343AB6}"
EndProject
Global
	GlobalSection(SolutionConfigurationPlatforms) = preSolution
		Debug|Any CPU = Debug|Any CPU
		Release|Any CPU = Release|Any CPU
	EndGlobalSection
	GlobalSection(ProjectConfigurationPlatforms) = postSolution
		{AE354EBF-B1E6-48D8-99E0-ACD70A8572D3}.Debug|Any CPU.ActiveCfg = Debug|Any CPU
		{AE354EBF-B1E6-48D8-99E0-ACD70A8572D3}.Debug|Any CPU.Build.0 = Debug|Any CPU
		{AE354EBF-B1E6-48D8-99E0-ACD70A8572D3}.Release|Any CPU.ActiveCfg = Release|Any CPU
		{AE354EBF-B1E6-48D8-99E0-ACD70A8572D3}.Release|Any CPU.Build.0 = Release|Any CPU
		{7BBAEE04-8894-4A4D-BD51-EBF4D7D07214}.Debug|Any CPU.ActiveCfg = Debug|Any CPU
		{7BBAEE04-8894-4A4D-BD51-EBF4D7D07214}.Debug|Any CPU.Build.0 = Debug|Any CPU
		{7BBAEE04-8894-4A4D-BD51-EBF4D7D07214}.Release|Any CPU.ActiveCfg = Release|Any CPU
		{7BBAEE04-8894-4A4D-BD51-EBF4D7D07214}.Release|Any CPU.Build.0 = Release|Any CPU
		{381149B9-48DE-4F76-8CFE-4AAD84DB1199}.Debug|Any CPU.ActiveCfg = Debug|Any CPU
		{381149B9-48DE-4F76-8CFE-4AAD84DB1199}.Debug|Any CPU.Build.0 = Debug|Any CPU
		{381149B9-48DE-4F76-8CFE-4AAD84DB1199}.Release|Any CPU.ActiveCfg = Release|Any CPU
		{381149B9-48DE-4F76-8CFE-4AAD84DB1199}.Release|Any CPU.Build.0 = Release|Any CPU
		{1EC342AF-CEAD-489F-A90F-5C0F40E1B024}.Debug|Any CPU.ActiveCfg = Debug|Any CPU
		{1EC342AF-CEAD-489F-A90F-5C0F40E1B024}.Debug|Any CPU.Build.0 = Debug|Any CPU
		{1EC342AF-CEAD-489F-A90F-5C0F40E1B024}.Release|Any CPU.ActiveCfg = Release|Any CPU
		{1EC342AF-CEAD-489F-A90F-5C0F40E1B024}.Release|Any CPU.Build.0 = Release|Any CPU
		{EAB9E5D9-1410-44E4-B3CC-D54778ABE25A}.Debug|Any CPU.ActiveCfg = Debug|Any CPU
		{EAB9E5D9-1410-44E4-B3CC-D54778ABE25A}.Debug|Any CPU.Build.0 = Debug|Any CPU
		{EAB9E5D9-1410-44E4-B3CC-D54778ABE25A}.Release|Any CPU.ActiveCfg = Release|Any CPU
		{EAB9E5D9-1410-44E4-B3CC-D54778ABE25A}.Release|Any CPU.Build.0 = Release|Any CPU
		{2C31B894-E0D0-46DD-AF03-420D9A103E49}.Debug|Any CPU.ActiveCfg = Debug|Any CPU
		{2C31B894-E0D0-46DD-AF03-420D9A103E49}.Debug|Any CPU.Build.0 = Debug|Any CPU
		{2C31B894-E0D0-46DD-AF03-420D9A103E49}.Release|Any CPU.ActiveCfg = Release|Any CPU
		{2C31B894-E0D0-46DD-AF03-420D9A103E49}.Release|Any CPU.Build.0 = Release|Any CPU
		{C92B39E6-3A0E-4FAC-B0AC-77FE3BE071B0}.Debug|Any CPU.ActiveCfg = Debug|Any CPU
		{C92B39E6-3A0E-4FAC-B0AC-77FE3BE071B0}.Debug|Any CPU.Build.0 = Debug|Any CPU
		{C92B39E6-3A0E-4FAC-B0AC-77FE3BE071B0}.Release|Any CPU.ActiveCfg = Release|Any CPU
		{C92B39E6-3A0E-4FAC-B0AC-77FE3BE071B0}.Release|Any CPU.Build.0 = Release|Any CPU
		{DCACA607-8692-4142-9CF4-61BBD9D571D1}.Debug|Any CPU.ActiveCfg = Debug|Any CPU
		{DCACA607-8692-4142-9CF4-61BBD9D571D1}.Debug|Any CPU.Build.0 = Debug|Any CPU
		{DCACA607-8692-4142-9CF4-61BBD9D571D1}.Release|Any CPU.ActiveCfg = Release|Any CPU
		{DCACA607-8692-4142-9CF4-61BBD9D571D1}.Release|Any CPU.Build.0 = Release|Any CPU
		{931087F5-D712-47BC-AD18-64E091CEF59B}.Debug|Any CPU.ActiveCfg = Debug|Any CPU
		{931087F5-D712-47BC-AD18-64E091CEF59B}.Debug|Any CPU.Build.0 = Debug|Any CPU
		{931087F5-D712-47BC-AD18-64E091CEF59B}.Release|Any CPU.ActiveCfg = Release|Any CPU
		{931087F5-D712-47BC-AD18-64E091CEF59B}.Release|Any CPU.Build.0 = Release|Any CPU
		{4B3DE17B-E492-4972-93B8-476E3A358655}.Debug|Any CPU.ActiveCfg = Debug|Any CPU
		{4B3DE17B-E492-4972-93B8-476E3A358655}.Debug|Any CPU.Build.0 = Debug|Any CPU
		{4B3DE17B-E492-4972-93B8-476E3A358655}.Release|Any CPU.ActiveCfg = Release|Any CPU
		{4B3DE17B-E492-4972-93B8-476E3A358655}.Release|Any CPU.Build.0 = Release|Any CPU
		{09AD249F-1D53-4B48-9ACA-E9BF18343AB6}.Debug|Any CPU.ActiveCfg = Debug|Any CPU
		{09AD249F-1D53-4B48-9ACA-E9BF18343AB6}.Debug|Any CPU.Build.0 = Debug|Any CPU
		{09AD249F-1D53-4B48-9ACA-E9BF18343AB6}.Release|Any CPU.ActiveCfg = Release|Any CPU
		{09AD249F-1D53-4B48-9ACA-E9BF18343AB6}.Release|Any CPU.Build.0 = Release|Any CPU
	EndGlobalSection
	GlobalSection(SolutionProperties) = preSolution
		HideSolutionNode = FALSE
	EndGlobalSection
	GlobalSection(NestedProjects) = preSolution
		{AE354EBF-B1E6-48D8-99E0-ACD70A8572D3} = {C438CA20-74A2-4633-BF87-B159F3D75D4F}
		{7BBAEE04-8894-4A4D-BD51-EBF4D7D07214} = {C438CA20-74A2-4633-BF87-B159F3D75D4F}
		{381149B9-48DE-4F76-8CFE-4AAD84DB1199} = {C438CA20-74A2-4633-BF87-B159F3D75D4F}
		{1EC342AF-CEAD-489F-A90F-5C0F40E1B024} = {C438CA20-74A2-4633-BF87-B159F3D75D4F}
		{EAB9E5D9-1410-44E4-B3CC-D54778ABE25A} = {C438CA20-74A2-4633-BF87-B159F3D75D4F}
		{2C31B894-E0D0-46DD-AF03-420D9A103E49} = {C438CA20-74A2-4633-BF87-B159F3D75D4F}
		{C92B39E6-3A0E-4FAC-B0AC-77FE3BE071B0} = {D5604634-17A1-4D4A-A483-FD70B8053327}
		{DCACA607-8692-4142-9CF4-61BBD9D571D1} = {D5604634-17A1-4D4A-A483-FD70B8053327}
		{931087F5-D712-47BC-AD18-64E091CEF59B} = {D5604634-17A1-4D4A-A483-FD70B8053327}
		{4B3DE17B-E492-4972-93B8-476E3A358655} = {C438CA20-74A2-4633-BF87-B159F3D75D4F}
		{09AD249F-1D53-4B48-9ACA-E9BF18343AB6} = {D5604634-17A1-4D4A-A483-FD70B8053327}
	EndGlobalSection
	GlobalSection(ExtensibilityGlobals) = postSolution
		SolutionGuid = {3CF5817B-5FE8-4D96-82E8-B50BFA04FBBE}
	EndGlobalSection
EndGlobal
